{
  "version": 2,
  "dependencies": {
    ".NETFramework,Version=v4.8": {
      "Microsoft.NETFramework.ReferenceAssemblies": {
        "type": "Direct",
        "requested": "[1.0.3, )",
        "resolved": "1.0.3",
        "contentHash": "vUc9Npcs14QsyOD01tnv/m8sQUnGTGOw1BCmKcv77LBJY7OxhJ+zJF7UD/sCL3lYNFuqmQEVlkfS4Quif6FyYg==",
        "dependencies": {
          "Microsoft.NETFramework.ReferenceAssemblies.net48": "1.0.3"
        }
      },
      "Microsoft.NETFramework.ReferenceAssemblies.net48": {
        "type": "Transitive",
        "resolved": "1.0.3",
        "contentHash": "zMk4D+9zyiEWByyQ7oPImPN/Jhpj166Ky0Nlla4eXlNL8hI/BtSJsgR8Inldd4NNpIAH3oh8yym0W2DrhXdSLQ=="
      },
      "Mono.Posix-4.5": {
        "type": "Transitive",
        "resolved": "4.5.0",
        "contentHash": "QMynhYKbgqz/FiXUeP3+RL8eSPnYIqD3bZcGJ2oOOZQ0yr+BVRMuw40c2Id6s1dg7l8Ei+mdUD77xOdaXGHlqA=="
      },
      "System.Buffers": {
        "type": "Transitive",
        "resolved": "4.5.0",
        "contentHash": "pL2ChpaRRWI/p4LXyy4RgeWlYF2sgfj/pnVMvBqwNFr5cXg7CXNnWZWxrOONLg8VGdFB8oB+EG2Qw4MLgTOe+A=="
      },
      "System.Collections.Immutable": {
        "type": "Transitive",
        "resolved": "1.5.0",
        "contentHash": "EXKiDFsChZW0RjrZ4FYHu9aW6+P4MCgEDCklsVseRfhoO0F+dXeMSsMRAlVXIo06kGJ/zv+2w1a2uc2+kxxSaQ=="
      },
      "icsharpcode.nrefactory": {
        "type": "Project"
      },
      "icsharpcode.nrefactory.csharp": {
        "type": "Project",
        "dependencies": {
          "ICSharpCode.NRefactory": "[1.0.0, )"
        }
      },
      "mono.debugger.soft": {
        "type": "Project"
      },
      "mono.debugging": {
        "type": "Project",
        "dependencies": {
          "ICSharpCode.NRefactory": "[1.0.0, )",
          "ICSharpCode.NRefactory.CSharp": "[1.0.0, )",
          "System.Buffers": "[4.5.0, )",
          "System.Collections.Immutable": "[1.5.0, )"
        }
      },
      "mono.debugging.soft": {
        "type": "Project",
        "dependencies": {
          "Mono.Debugger.Soft": "[1.0.0, )",
          "Mono.Debugging": "[1.0.0, )",
          "Mono.Posix-4.5": "[4.5.0, )",
          "Newtonsoft.Json": "[13.0.4, )"
        }
      },
      "UnityDebuggerPure": {
        "type": "Project",
        "dependencies": {
          "Mono.Debugger.Soft": "[1.0.0, )",
          "Mono.Debugging": "[1.0.0, )",
          "Mono.Debugging.Soft": "[1.0.0, )",
          "Newtonsoft.Json": "[13.0.4, )",
          "VSCodeDebug": "[1.0.0, )"
        }
      },
      "vscodedebug": {
        "type": "Project",
        "dependencies": {
          "Newtonsoft.Json": "[13.0.4, )"
        }
      },
      "Newtonsoft.Json": {
        "type": "CentralTransitive",
        "requested": "[13.0.4, )",
        "resolved": "13.0.4",
        "contentHash": "pdgNNMai3zv51W5aq268sujXUyx7SNdE2bj1wZcWjAQrKMFZV260lbqYop1d2GM67JI1huLRwxo9ZqnfF/lC6A=="
      }
    },
    ".NETFramework,Version=v4.8/win-x64": {}
  }
}